
Microsoft Visual Studio Solution File, Format Version 12.00
# Visual Studio 15
VisualStudioVersion = 15.0.27428.2011
MinimumVisualStudioVersion = 10.0.40219.1
Project("{888888A0-9F3D-457C-B088-3A5042F75D52}") = "KeySetup", "PythonApplication1\KeySetup.pyproj", "{BE63F767-1F6A-440C-BD65-0AA0E10B8244}"
EndProject
Global
	GlobalSection(SolutionConfigurationPlatforms) = preSolution
		Debug|Any CPU = Debug|Any CPU
		Release|Any CPU = Release|Any CPU
	EndGlobalSection
	GlobalSection(ProjectConfigurationPlatforms) = postSolution
		{BE63F767-1F6A-440C-BD65-0AA0E10B8244}.Debug|Any CPU.ActiveCfg = Debug|Any CPU
		{BE63F767-1F6A-440C-BD65-0AA0E10B8244}.Release|Any CPU.ActiveCfg = Release|Any CPU
	EndGlobalSection
	GlobalSection(SolutionProperties) = preSolution
		HideSolutionNode = FALSE
	EndGlobalSection
	GlobalSection(ExtensibilityGlobals) = postSolution
		SolutionGuid = {7F58B73D-996C-42FD-AA3D-21AEECE3020C}
	EndGlobalSection
EndGlobal
